
Microsoft Visual Studio Solution File, Format Version 12.00
# Visual Studio Express 2013 for Windows Desktop
VisualStudioVersion = 12.0.30723.0
MinimumVisualStudioVersion = 10.0.40219.1
Project("{8BC9CEB8-8B4A-11D0-8D11-00A0C91BC942}") = "XRThreads", "XRThreads\XRThreads.vcxproj", "{270EFCF4-C8B7-405F-8DED-7C003D33C5B5}"
EndProject
Project("{8BC9CEB8-8B4A-11D0-8D11-00A0C91BC942}") = "XRFramework", "XRFramework\XRFramework.vcxproj", "{B2975FEF-C980-4311-9C8A-766851CA53A6}"
EndProject
Project("{8BC9CEB8-8B4A-11D0-8D11-00A0C91BC942}") = "XRTests", "XRTests\XRTests.vcxproj", "{54E91663-AA3E-4012-B2AC-E79C79D8099A}"
EndProject
Global
	GlobalSection(SolutionConfigurationPlatforms) = preSolution
		Debug|Win32 = Debug|Win32
		Release|Win32 = Release|Win32
	EndGlobalSection
	GlobalSection(ProjectConfigurationPlatforms) = postSolution
		{270EFCF4-C8B7-405F-8DED-7C003D33C5B5}.Debug|Win32.ActiveCfg = Debug|Win32
		{270EFCF4-C8B7-405F-8DED-7C003D33C5B5}.Debug|Win32.Build.0 = Debug|Win32
		{270EFCF4-C8B7-405F-8DED-7C003D33C5B5}.Release|Win32.ActiveCfg = Release|Win32
		{270EFCF4-C8B7-405F-8DED-7C003D33C5B5}.Release|Win32.Build.0 = Release|Win32
		{B2975FEF-C980-4311-9C8A-766851CA53A6}.Debug|Win32.ActiveCfg = Debug|Win32
		{B2975FEF-C980-4311-9C8A-766851CA53A6}.Debug|Win32.Build.0 = Debug|Win32
		{B2975FEF-C980-4311-9C8A-766851CA53A6}.Release|Win32.ActiveCfg = Release|Win32
		{B2975FEF-C980-4311-9C8A-766851CA53A6}.Release|Win32.Build.0 = Release|Win32
		{54E91663-AA3E-4012-B2AC-E79C79D8099A}.Debug|Win32.ActiveCfg = Debug|Win32
		{54E91663-AA3E-4012-B2AC-E79C79D8099A}.Debug|Win32.Build.0 = Debug|Win32
		{54E91663-AA3E-4012-B2AC-E79C79D8099A}.Release|Win32.ActiveCfg = Release|Win32
		{54E91663-AA3E-4012-B2AC-E79C79D8099A}.Release|Win32.Build.0 = Release|Win32
	EndGlobalSection
	GlobalSection(SolutionProperties) = preSolution
		HideSolutionNode = FALSE
	EndGlobalSection
EndGlobal
