<?xml version="1.0" encoding="utf-8"?>
<Project ToolsVersion="4.0" xmlns="http://schemas.microsoft.com/developer/msbuild/2003">
  <ItemGroup>
    <ClInclude Include="stdafxf.h" />
    <ClInclude Include="utils\Timer.h">
      <Filter>utils</Filter>
    </ClInclude>
    <ClInclude Include="render\dxerr.h">
      <Filter>render</Filter>
    </ClInclude>
    <ClInclude Include="render\RenderSystemDX.h">
      <Filter>render</Filter>
    </ClInclude>
    <ClInclude Include="render\D3D10Enumeration.h">
      <Filter>render</Filter>
    </ClInclude>
    <ClInclude Include="render\ID3DResource.h">
      <Filter>render</Filter>
    </ClInclude>
    <ClInclude Include="utils\RingBuffer.h">
      <Filter>utils</Filter>
    </ClInclude>
    <ClInclude Include="DLLoader\DllPaths_win32.h">
      <Filter>dllloader</Filter>
    </ClInclude>
    <ClInclude Include="DLLoader\DynamicDll.h">
      <Filter>dllloader</Filter>
    </ClInclude>
    <ClInclude Include="DLLoader\iLibraryLoader.h">
      <Filter>dllloader</Filter>
    </ClInclude>
    <ClInclude Include="DLLoader\LoaderContainer.h">
      <Filter>dllloader</Filter>
    </ClInclude>
    <ClInclude Include="DLLoader\LoaderFactory.h">
      <Filter>dllloader</Filter>
    </ClInclude>
    <ClInclude Include="DLLoader\Win32DllLoader.h">
      <Filter>dllloader</Filter>
    </ClInclude>
    <ClInclude Include="system\SysInfo.h">
      <Filter>system</Filter>
    </ClInclude>
    <ClInclude Include="utils\HttpHeader.h">
      <Filter>utils</Filter>
    </ClInclude>
    <ClInclude Include="utils\AutoBuffer.h">
      <Filter>utils</Filter>
    </ClInclude>
    <ClInclude Include="utils\IJobCallback.h">
      <Filter>utils</Filter>
    </ClInclude>
    <ClInclude Include="LoggerContext.h" />
    <ClInclude Include="utils\DateTime.h">
      <Filter>utils</Filter>
    </ClInclude>
    <ClInclude Include="utils\AutoPtrHandle.h">
      <Filter>utils</Filter>
    </ClInclude>
    <ClInclude Include="utils\Job.h">
      <Filter>utils</Filter>
    </ClInclude>
    <ClInclude Include="utils\JobManager.h">
      <Filter>utils</Filter>
    </ClInclude>
    <ClInclude Include="Base.h" />
    <ClInclude Include="filesystem\MimeTypes.h">
      <Filter>filesystem</Filter>
    </ClInclude>
    <ClInclude Include="utils\BitstreamStats.h">
      <Filter>utils</Filter>
    </ClInclude>
    <ClInclude Include="core\VideoRenderers\RenderModes.h">
      <Filter>core\VideoRenderers</Filter>
    </ClInclude>
    <ClInclude Include="core\VideoRenderers\TransformMatrix.h">
      <Filter>core\VideoRenderers</Filter>
    </ClInclude>
    <ClInclude Include="core\VideoRenderers\WinShader.h">
      <Filter>core\VideoRenderers</Filter>
    </ClInclude>
    <ClInclude Include="core\VideoRenderers\TestShader.h">
      <Filter>core\VideoRenderers</Filter>
    </ClInclude>
    <ClInclude Include="core\VideoRenderers\YUV2RGBMatrix.h">
      <Filter>core\VideoRenderers</Filter>
    </ClInclude>
    <ClInclude Include="core\VideoRenderers\YUV2RGBShader.h">
      <Filter>core\VideoRenderers</Filter>
    </ClInclude>
    <ClInclude Include="core\VideoRenderers\WinRenderer.h">
      <Filter>core\VideoRenderers</Filter>
    </ClInclude>
    <ClInclude Include="FrameworkUtils.h" />
    <ClInclude Include="dvdplayer\Codecs\VideoCodec.h" />
    <ClInclude Include="utils\XRect.h">
      <Filter>utils</Filter>
    </ClInclude>
    <ClInclude Include="utils\MyEvents.h" />
    <ClInclude Include="filesystem\CurlGlobal.h">
      <Filter>filesystem</Filter>
    </ClInclude>
    <ClInclude Include="filesystem\IFile.h">
      <Filter>filesystem\IFile</Filter>
    </ClInclude>
    <ClInclude Include="filesystem\File.h">
      <Filter>filesystem\IFile</Filter>
    </ClInclude>
    <ClInclude Include="filesystem\CurlFile.h">
      <Filter>filesystem\IFile</Filter>
    </ClInclude>
    <ClInclude Include="filesystem\StreamFile.h">
      <Filter>filesystem\IFile</Filter>
    </ClInclude>
    <ClInclude Include="filesystem\Win32File.h">
      <Filter>filesystem\IFile</Filter>
    </ClInclude>
    <ClInclude Include="filesystem\CacheStrategy.h">
      <Filter>filesystem\Cache</Filter>
    </ClInclude>
    <ClInclude Include="filesystem\FileCache.h">
      <Filter>filesystem\Cache</Filter>
    </ClInclude>
    <ClInclude Include="filesystem\Directory.h">
      <Filter>filesystem\IDirectory</Filter>
    </ClInclude>
    <ClInclude Include="filesystem\IDirectory.h">
      <Filter>filesystem\IDirectory</Filter>
    </ClInclude>
    <ClInclude Include="filesystem\Win32Directory.h">
      <Filter>filesystem\IDirectory</Filter>
    </ClInclude>
    <ClInclude Include="filesystem\SpecialProtocolDirectory.h">
      <Filter>filesystem\IDirectory</Filter>
    </ClInclude>
    <ClInclude Include="filesystem\FileOperationJob.h">
      <Filter>filesystem</Filter>
    </ClInclude>
    <ClInclude Include="filesystem\FileItem.h">
      <Filter>filesystem</Filter>
    </ClInclude>
  </ItemGroup>
  <ItemGroup>
    <ClCompile Include="stdafxf.cpp" />
    <ClCompile Include="utils\Timer.cpp">
      <Filter>utils</Filter>
    </ClCompile>
    <ClCompile Include="render\dxerr.cpp">
      <Filter>render</Filter>
    </ClCompile>
    <ClCompile Include="render\RenderSystemDX.cpp">
      <Filter>render</Filter>
    </ClCompile>
    <ClCompile Include="render\D3D10Enumeration.cpp">
      <Filter>render</Filter>
    </ClCompile>
    <ClCompile Include="render\ID3DResource.cpp">
      <Filter>render</Filter>
    </ClCompile>
    <ClCompile Include="utils\RingBuffer.cpp">
      <Filter>utils</Filter>
    </ClCompile>
    <ClCompile Include="DLLoader\DynamicDll.cpp">
      <Filter>dllloader</Filter>
    </ClCompile>
    <ClCompile Include="DLLoader\iLibraryLoader.cpp">
      <Filter>dllloader</Filter>
    </ClCompile>
    <ClCompile Include="DLLoader\LoaderContainer.cpp">
      <Filter>dllloader</Filter>
    </ClCompile>
    <ClCompile Include="DLLoader\LoaderFactory.cpp">
      <Filter>dllloader</Filter>
    </ClCompile>
    <ClCompile Include="DLLoader\Win32DllLoader.cpp">
      <Filter>dllloader</Filter>
    </ClCompile>
    <ClCompile Include="system\SysInfo.cpp">
      <Filter>system</Filter>
    </ClCompile>
    <ClCompile Include="utils\HttpHeader.cpp">
      <Filter>utils</Filter>
    </ClCompile>
    <ClCompile Include="utils\AutoBuffer.cpp">
      <Filter>utils</Filter>
    </ClCompile>
    <ClCompile Include="LoggerContext.cpp" />
    <ClCompile Include="utils\DateTime.cpp">
      <Filter>utils</Filter>
    </ClCompile>
    <ClCompile Include="utils\AutoPtrHandle.cpp">
      <Filter>utils</Filter>
    </ClCompile>
    <ClCompile Include="utils\Job.cpp">
      <Filter>utils</Filter>
    </ClCompile>
    <ClCompile Include="utils\JobManager.cpp">
      <Filter>utils</Filter>
    </ClCompile>
    <ClCompile Include="filesystem\MimeTypes.cpp">
      <Filter>filesystem</Filter>
    </ClCompile>
    <ClCompile Include="utils\BitstreamStats.cpp">
      <Filter>utils</Filter>
    </ClCompile>
    <ClCompile Include="core\VideoRenderers\WinShader.cpp">
      <Filter>core\VideoRenderers</Filter>
    </ClCompile>
    <ClCompile Include="core\VideoRenderers\TestShader.cpp">
      <Filter>core\VideoRenderers</Filter>
    </ClCompile>
    <ClCompile Include="core\VideoRenderers\YUV2RGBMatrix.cpp">
      <Filter>core\VideoRenderers</Filter>
    </ClCompile>
    <ClCompile Include="core\VideoRenderers\YUV2RGBShader.cpp">
      <Filter>core\VideoRenderers</Filter>
    </ClCompile>
    <ClCompile Include="core\VideoRenderers\WinRenderer.cpp">
      <Filter>core\VideoRenderers</Filter>
    </ClCompile>
    <ClCompile Include="FrameworkUtils.cpp" />
    <ClCompile Include="dvdplayer\Codecs\VideoCodec.cpp" />
    <ClCompile Include="utils\MyEvents.cpp" />
    <ClCompile Include="filesystem\CurlGlobal.cpp">
      <Filter>filesystem</Filter>
    </ClCompile>
    <ClCompile Include="filesystem\IFile.cpp">
      <Filter>filesystem\IFile</Filter>
    </ClCompile>
    <ClCompile Include="filesystem\File.cpp">
      <Filter>filesystem\IFile</Filter>
    </ClCompile>
    <ClCompile Include="filesystem\CurlFile.cpp">
      <Filter>filesystem\IFile</Filter>
    </ClCompile>
    <ClCompile Include="filesystem\StreamFile.cpp">
      <Filter>filesystem\IFile</Filter>
    </ClCompile>
    <ClCompile Include="filesystem\Win32File.cpp">
      <Filter>filesystem\IFile</Filter>
    </ClCompile>
    <ClCompile Include="filesystem\CacheStrategy.cpp">
      <Filter>filesystem\Cache</Filter>
    </ClCompile>
    <ClCompile Include="filesystem\FileCache.cpp">
      <Filter>filesystem\Cache</Filter>
    </ClCompile>
    <ClCompile Include="filesystem\Directory.cpp">
      <Filter>filesystem\IDirectory</Filter>
    </ClCompile>
    <ClCompile Include="filesystem\IDirectory.cpp">
      <Filter>filesystem\IDirectory</Filter>
    </ClCompile>
    <ClCompile Include="filesystem\Win32Directory.cpp">
      <Filter>filesystem\IDirectory</Filter>
    </ClCompile>
    <ClCompile Include="filesystem\SpecialProtocolDirectory.cpp">
      <Filter>filesystem\IDirectory</Filter>
    </ClCompile>
    <ClCompile Include="filesystem\FileOperationJob.cpp">
      <Filter>filesystem</Filter>
    </ClCompile>
    <ClCompile Include="filesystem\FileItem.cpp">
      <Filter>filesystem</Filter>
    </ClCompile>
  </ItemGroup>
  <ItemGroup>
    <Filter Include="utils">
      <UniqueIdentifier>{2217abaa-9fcc-44a7-af21-8a7f85cc9568}</UniqueIdentifier>
    </Filter>
    <Filter Include="filesystem">
      <UniqueIdentifier>{2e927731-b1b5-49b7-be73-f11f15f9eba6}</UniqueIdentifier>
    </Filter>
    <Filter Include="render">
      <UniqueIdentifier>{8d02a065-c057-461d-ba8e-9c7d50cb69bc}</UniqueIdentifier>
    </Filter>
    <Filter Include="dllloader">
      <UniqueIdentifier>{91cf96a5-58d9-47d3-8399-0cff70cc6a7a}</UniqueIdentifier>
    </Filter>
    <Filter Include="system">
      <UniqueIdentifier>{5af2cf9d-f3e4-437f-8b2f-ce7ee1b37e7e}</UniqueIdentifier>
    </Filter>
    <Filter Include="dvdplayer">
      <UniqueIdentifier>{e9c4c100-3a68-419d-8dac-96c6156305f2}</UniqueIdentifier>
    </Filter>
    <Filter Include="dvdplayer\DVDCodecs">
      <UniqueIdentifier>{07fcd76f-f751-419f-b16f-f3604c5649f8}</UniqueIdentifier>
    </Filter>
    <Filter Include="dvdplayer\DVDDemuxers">
      <UniqueIdentifier>{274c5670-1010-45ef-b11b-bb87442f775e}</UniqueIdentifier>
    </Filter>
    <Filter Include="dvdplayer\DVDInputStreams">
      <UniqueIdentifier>{5ca09b95-c3c1-40d2-9b0d-635bf7c7d710}</UniqueIdentifier>
    </Filter>
    <Filter Include="core">
      <UniqueIdentifier>{b39c2dc5-d6c8-4433-ab7f-22dd896b7970}</UniqueIdentifier>
    </Filter>
    <Filter Include="core\VideoRenderers">
      <UniqueIdentifier>{daf4cb0c-6c68-4614-81ce-fe17688b1bb4}</UniqueIdentifier>
    </Filter>
    <Filter Include="filesystem\Cache">
      <UniqueIdentifier>{48ed7b73-4f8e-43bf-8a7c-f34ec46226cf}</UniqueIdentifier>
    </Filter>
    <Filter Include="filesystem\IFile">
      <UniqueIdentifier>{2a391883-8747-4f0c-a718-96491081cb97}</UniqueIdentifier>
    </Filter>
    <Filter Include="filesystem\IDirectory">
      <UniqueIdentifier>{dd2f2408-9177-49c1-b7a8-c5348de8fd31}</UniqueIdentifier>
    </Filter>
  </ItemGroup>
</Project>