<?xml version="1.0" encoding="utf-8"?>
<Project ToolsVersion="4.0" xmlns="http://schemas.microsoft.com/developer/msbuild/2003">
  <ItemGroup>
    <ClInclude Include="log\ilog.h">
      <Filter>log</Filter>
    </ClInclude>
    <ClInclude Include="stdafxf.h" />
    <ClInclude Include="log\Logger.h">
      <Filter>log</Filter>
    </ClInclude>
    <ClInclude Include="log\LogDefines.h">
      <Filter>log</Filter>
    </ClInclude>
    <ClInclude Include="utils\Singleton.h">
      <Filter>utils</Filter>
    </ClInclude>
    <ClInclude Include="Base.h" />
    <ClInclude Include="utils\StdString.h">
      <Filter>utils</Filter>
    </ClInclude>
    <ClInclude Include="utils\StringUtils.h">
      <Filter>utils</Filter>
    </ClInclude>
    <ClInclude Include="Util.h" />
    <ClInclude Include="filesystem\SpecialProtocol.h">
      <Filter>filesystem</Filter>
    </ClInclude>
    <ClInclude Include="utils\URIUtils.h">
      <Filter>utils</Filter>
    </ClInclude>
    <ClInclude Include="utils\URL.h">
      <Filter>utils</Filter>
    </ClInclude>
    <ClInclude Include="utils\UrlOptions.h">
      <Filter>utils</Filter>
    </ClInclude>
    <ClInclude Include="utils\Variant.h">
      <Filter>utils</Filter>
    </ClInclude>
    <ClInclude Include="log\LoggerDAL.h">
      <Filter>log</Filter>
    </ClInclude>
    <ClInclude Include="log\LogFile.h">
      <Filter>log</Filter>
    </ClInclude>
    <ClInclude Include="log\Log.h">
      <Filter>log</Filter>
    </ClInclude>
    <ClInclude Include="utils\Timer.h">
      <Filter>utils</Filter>
    </ClInclude>
    <ClInclude Include="window\WindowEvents.h">
      <Filter>window</Filter>
    </ClInclude>
    <ClInclude Include="IApplication.h" />
    <ClInclude Include="render\dxerr.h">
      <Filter>render</Filter>
    </ClInclude>
    <ClInclude Include="render\RenderSystemDX.h">
      <Filter>render</Filter>
    </ClInclude>
    <ClInclude Include="render\D3D10Enumeration.h">
      <Filter>render</Filter>
    </ClInclude>
    <ClInclude Include="render\ID3DResource.h">
      <Filter>render</Filter>
    </ClInclude>
    <ClInclude Include="RenderControl.h" />
  </ItemGroup>
  <ItemGroup>
    <ClCompile Include="log\ilog.cpp">
      <Filter>log</Filter>
    </ClCompile>
    <ClCompile Include="stdafxf.cpp" />
    <ClCompile Include="log\Logger.cpp">
      <Filter>log</Filter>
    </ClCompile>
    <ClCompile Include="utils\StringUtils.cpp">
      <Filter>utils</Filter>
    </ClCompile>
    <ClCompile Include="Util.cpp" />
    <ClCompile Include="filesystem\SpecialProtocol.cpp">
      <Filter>filesystem</Filter>
    </ClCompile>
    <ClCompile Include="utils\URIUtils.cpp">
      <Filter>utils</Filter>
    </ClCompile>
    <ClCompile Include="utils\URL.cpp">
      <Filter>utils</Filter>
    </ClCompile>
    <ClCompile Include="utils\UrlOptions.cpp">
      <Filter>utils</Filter>
    </ClCompile>
    <ClCompile Include="utils\Variant.cpp">
      <Filter>utils</Filter>
    </ClCompile>
    <ClCompile Include="log\LoggerDAL.cpp">
      <Filter>log</Filter>
    </ClCompile>
    <ClCompile Include="log\LogFile.cpp">
      <Filter>log</Filter>
    </ClCompile>
    <ClCompile Include="utils\Timer.cpp">
      <Filter>utils</Filter>
    </ClCompile>
    <ClCompile Include="window\WindowEvents.cpp">
      <Filter>window</Filter>
    </ClCompile>
    <ClCompile Include="render\dxerr.cpp">
      <Filter>render</Filter>
    </ClCompile>
    <ClCompile Include="render\RenderSystemDX.cpp">
      <Filter>render</Filter>
    </ClCompile>
    <ClCompile Include="render\D3D10Enumeration.cpp">
      <Filter>render</Filter>
    </ClCompile>
    <ClCompile Include="render\ID3DResource.cpp">
      <Filter>render</Filter>
    </ClCompile>
    <ClCompile Include="RenderControl.cpp" />
  </ItemGroup>
  <ItemGroup>
    <Filter Include="log">
      <UniqueIdentifier>{b626f908-cebe-42e6-92d7-8a0fab3c073a}</UniqueIdentifier>
    </Filter>
    <Filter Include="utils">
      <UniqueIdentifier>{2217abaa-9fcc-44a7-af21-8a7f85cc9568}</UniqueIdentifier>
    </Filter>
    <Filter Include="filesystem">
      <UniqueIdentifier>{2e927731-b1b5-49b7-be73-f11f15f9eba6}</UniqueIdentifier>
    </Filter>
    <Filter Include="window">
      <UniqueIdentifier>{ee69a811-b9ea-4405-89d9-ca82be904c86}</UniqueIdentifier>
    </Filter>
    <Filter Include="render">
      <UniqueIdentifier>{8d02a065-c057-461d-ba8e-9c7d50cb69bc}</UniqueIdentifier>
    </Filter>
  </ItemGroup>
</Project>