<?xml version="1.0" encoding="utf-8"?>
<Project ToolsVersion="4.0" xmlns="http://schemas.microsoft.com/developer/msbuild/2003">
  <ItemGroup>
    <Filter Include="Resource Files">
      <UniqueIdentifier>{67DA6AB6-F800-4c08-8B7A-83BB121AAD01}</UniqueIdentifier>
      <Extensions>rc;ico;cur;bmp;dlg;rc2;rct;bin;rgs;gif;jpg;jpeg;jpe;resx;tiff;tif;png;wav;mfcribbon-ms</Extensions>
    </Filter>
    <Filter Include="wx">
      <UniqueIdentifier>{91ed032b-aef1-4eea-8c9a-05d09be23433}</UniqueIdentifier>
    </Filter>
    <Filter Include="gui">
      <UniqueIdentifier>{15df8a5e-a50f-451c-b154-ab270928cd4e}</UniqueIdentifier>
    </Filter>
  </ItemGroup>
  <ItemGroup>
    <ClCompile Include="DelayedDllLoad.cpp" />
    <ClCompile Include="stdafx.cpp" />
    <ClCompile Include="main.cpp" />
    <ClCompile Include="MainFrame.cpp" />
    <ClCompile Include="WeebTv.cpp" />
    <ClCompile Include="BufferedStream.cpp" />
    <ClCompile Include="StreamCache.cpp" />
    <ClCompile Include="wxDX10Display.cpp">
      <Filter>wx</Filter>
    </ClCompile>
    <ClCompile Include="Toolbar.cpp">
      <Filter>wx</Filter>
    </ClCompile>
    <ClCompile Include="Cmd.cpp">
      <Filter>wx</Filter>
    </ClCompile>
    <ClCompile Include="VideoBoxToolbar.cpp">
      <Filter>wx</Filter>
    </ClCompile>
    <ClCompile Include="wxXRStatusBar.cpp">
      <Filter>wx</Filter>
    </ClCompile>
    <ClCompile Include="gui\GUIManager.cpp">
      <Filter>gui</Filter>
    </ClCompile>
    <ClCompile Include="gui\GUILogger.cpp" />
  </ItemGroup>
  <ItemGroup>
    <ClInclude Include="main.h" />
    <ClInclude Include="MainFrame.h" />
    <ClInclude Include="resource.h" />
    <ClInclude Include="stdafxf.h" />
    <ClInclude Include="WeebTv.h" />
    <ClInclude Include="BufferedStream.h" />
    <ClInclude Include="StreamCache.h" />
    <ClInclude Include="Context.h" />
    <ClInclude Include="wxDX10Display.h">
      <Filter>wx</Filter>
    </ClInclude>
    <ClInclude Include="Toolbar.h">
      <Filter>wx</Filter>
    </ClInclude>
    <ClInclude Include="Cmd.h">
      <Filter>wx</Filter>
    </ClInclude>
    <ClInclude Include="VideoBoxToolbar.h">
      <Filter>wx</Filter>
    </ClInclude>
    <ClInclude Include="wxXRStatusBar.h">
      <Filter>wx</Filter>
    </ClInclude>
    <ClInclude Include="gui\GUIManager.h">
      <Filter>gui</Filter>
    </ClInclude>
    <ClInclude Include="gui\GUILogger.h" />
  </ItemGroup>
  <ItemGroup>
    <ResourceCompile Include="Resource.rc">
      <Filter>Resource Files</Filter>
    </ResourceCompile>
  </ItemGroup>
  <ItemGroup>
    <Image Include="resource\appico.ico">
      <Filter>Resource Files</Filter>
    </Image>
    <Image Include="resource\bitmaps\button_pause_64.png">
      <Filter>Resource Files</Filter>
    </Image>
    <Image Include="resource\bitmaps\button_play_64.png">
      <Filter>Resource Files</Filter>
    </Image>
    <Image Include="resource\bitmaps\button_stop_64.png">
      <Filter>Resource Files</Filter>
    </Image>
    <Image Include="resource\bitmap1.bmp">
      <Filter>Resource Files</Filter>
    </Image>
  </ItemGroup>
</Project>